
Microsoft Visual Studio Solution File, Format Version 12.00
# Visual Studio 14
VisualStudioVersion = 14.0.25420.1
MinimumVisualStudioVersion = 10.0.40219.1
Project("{FAE04EC0-301F-11D3-BF4B-00C04F79EFBC}") = "WebApi2", "WebApi2\WebApi2.csproj", "{1A033B40-CC97-47AB-B45F-A3AF772828B5}"
EndProject
Project("{FAE04EC0-301F-11D3-BF4B-00C04F79EFBC}") = "WebApi1", "WebApi1\WebApi1.csproj", "{A9BC4778-818C-4BF6-B2F0-C00C69A1B639}"
EndProject
Project("{FAE04EC0-301F-11D3-BF4B-00C04F79EFBC}") = "SPA", "SPA\SPA.csproj", "{75091DB9-D6D4-4EB2-B2D0-B0734D08134E}"
EndProject
Global
	GlobalSection(SolutionConfigurationPlatforms) = preSolution
		Debug|Any CPU = Debug|Any CPU
		Release|Any CPU = Release|Any CPU
	EndGlobalSection
	GlobalSection(ProjectConfigurationPlatforms) = postSolution
		{1A033B40-CC97-47AB-B45F-A3AF772828B5}.Debug|Any CPU.ActiveCfg = Debug|Any CPU
		{1A033B40-CC97-47AB-B45F-A3AF772828B5}.Debug|Any CPU.Build.0 = Debug|Any CPU
		{1A033B40-CC97-47AB-B45F-A3AF772828B5}.Release|Any CPU.ActiveCfg = Release|Any CPU
		{1A033B40-CC97-47AB-B45F-A3AF772828B5}.Release|Any CPU.Build.0 = Release|Any CPU
		{A9BC4778-818C-4BF6-B2F0-C00C69A1B639}.Debug|Any CPU.ActiveCfg = Debug|Any CPU
		{A9BC4778-818C-4BF6-B2F0-C00C69A1B639}.Debug|Any CPU.Build.0 = Debug|Any CPU
		{A9BC4778-818C-4BF6-B2F0-C00C69A1B639}.Release|Any CPU.ActiveCfg = Release|Any CPU
		{A9BC4778-818C-4BF6-B2F0-C00C69A1B639}.Release|Any CPU.Build.0 = Release|Any CPU
		{75091DB9-D6D4-4EB2-B2D0-B0734D08134E}.Debug|Any CPU.ActiveCfg = Debug|Any CPU
		{75091DB9-D6D4-4EB2-B2D0-B0734D08134E}.Debug|Any CPU.Build.0 = Debug|Any CPU
		{75091DB9-D6D4-4EB2-B2D0-B0734D08134E}.Release|Any CPU.ActiveCfg = Release|Any CPU
		{75091DB9-D6D4-4EB2-B2D0-B0734D08134E}.Release|Any CPU.Build.0 = Release|Any CPU
	EndGlobalSection
	GlobalSection(SolutionProperties) = preSolution
		HideSolutionNode = FALSE
	EndGlobalSection
EndGlobal
